
Microsoft Visual Studio Solution File, Format Version 12.00
# Visual Studio Version 17
VisualStudioVersion = 17.6.33723.286
MinimumVisualStudioVersion = 10.0.40219.1
Project("{9A19103F-16F7-4668-BE54-9A1E7A4F7556}") = "Employees", "Employees\Employees.csproj", "{7486F918-871D-4C60-A2C6-C5905FCACA90}"
EndProject
Global
	GlobalSection(SolutionConfigurationPlatforms) = preSolution
		Debug|Any CPU = Debug|Any CPU
		Release|Any CPU = Release|Any CPU
	EndGlobalSection
	GlobalSection(ProjectConfigurationPlatforms) = postSolution
		{7486F918-871D-4C60-A2C6-C5905FCACA90}.Debug|Any CPU.ActiveCfg = Debug|Any CPU
		{7486F918-871D-4C60-A2C6-C5905FCACA90}.Debug|Any CPU.Build.0 = Debug|Any CPU
		{7486F918-871D-4C60-A2C6-C5905FCACA90}.Release|Any CPU.ActiveCfg = Release|Any CPU
		{7486F918-871D-4C60-A2C6-C5905FCACA90}.Release|Any CPU.Build.0 = Release|Any CPU
	EndGlobalSection
	GlobalSection(SolutionProperties) = preSolution
		HideSolutionNode = FALSE
	EndGlobalSection
	GlobalSection(ExtensibilityGlobals) = postSolution
		SolutionGuid = {D8480BC3-62D0-45BA-B2F4-EC2561E8BBBE}
	EndGlobalSection
EndGlobal
